
Microsoft Visual Studio Solution File, Format Version 12.00
# Visual Studio Version 16
VisualStudioVersion = 16.0.31025.194
MinimumVisualStudioVersion = 10.0.40219.1
Project("{8BC9CEB8-8B4A-11D0-8D11-00A0C91BC942}") = "test_3_16", "test_3_16\test_3_16.vcxproj", "{075416C3-02A3-47B0-A81B-BE5B00425F52}"
EndProject
Global
	GlobalSection(SolutionConfigurationPlatforms) = preSolution
		Debug|x64 = Debug|x64
		Debug|x86 = Debug|x86
		Release|x64 = Release|x64
		Release|x86 = Release|x86
	EndGlobalSection
	GlobalSection(ProjectConfigurationPlatforms) = postSolution
		{075416C3-02A3-47B0-A81B-BE5B00425F52}.Debug|x64.ActiveCfg = Debug|x64
		{075416C3-02A3-47B0-A81B-BE5B00425F52}.Debug|x64.Build.0 = Debug|x64
		{075416C3-02A3-47B0-A81B-BE5B00425F52}.Debug|x86.ActiveCfg = Debug|Win32
		{075416C3-02A3-47B0-A81B-BE5B00425F52}.Debug|x86.Build.0 = Debug|Win32
		{075416C3-02A3-47B0-A81B-BE5B00425F52}.Release|x64.ActiveCfg = Release|x64
		{075416C3-02A3-47B0-A81B-BE5B00425F52}.Release|x64.Build.0 = Release|x64
		{075416C3-02A3-47B0-A81B-BE5B00425F52}.Release|x86.ActiveCfg = Release|Win32
		{075416C3-02A3-47B0-A81B-BE5B00425F52}.Release|x86.Build.0 = Release|Win32
	EndGlobalSection
	GlobalSection(SolutionProperties) = preSolution
		HideSolutionNode = FALSE
	EndGlobalSection
	GlobalSection(ExtensibilityGlobals) = postSolution
		SolutionGuid = {3AEDC1C8-D4B6-4EED-BA82-B2AF70F94647}
	EndGlobalSection
EndGlobal
